
Microsoft Visual Studio Solution File, Format Version 12.00
Project("{FAE04EC0-301F-11D3-BF4B-00C04F79EFBC}") = "s3665887-a1", "s3665887-a1\s3665887-a1.csproj", "{A0C40ABA-8EF9-43DD-83A0-DA18AFAACAA6}"
EndProject
Project("{FAE04EC0-301F-11D3-BF4B-00C04F79EFBC}") = "Database", "Database\Database.csproj", "{452BD828-01CC-43FB-A4D7-E5B49C95C5B5}"
EndProject
Global
	GlobalSection(SolutionConfigurationPlatforms) = preSolution
		Debug|Any CPU = Debug|Any CPU
		Release|Any CPU = Release|Any CPU
	EndGlobalSection
	GlobalSection(ProjectConfigurationPlatforms) = postSolution
		{A0C40ABA-8EF9-43DD-83A0-DA18AFAACAA6}.Debug|Any CPU.ActiveCfg = Debug|Any CPU
		{A0C40ABA-8EF9-43DD-83A0-DA18AFAACAA6}.Debug|Any CPU.Build.0 = Debug|Any CPU
		{A0C40ABA-8EF9-43DD-83A0-DA18AFAACAA6}.Release|Any CPU.ActiveCfg = Release|Any CPU
		{A0C40ABA-8EF9-43DD-83A0-DA18AFAACAA6}.Release|Any CPU.Build.0 = Release|Any CPU
		{452BD828-01CC-43FB-A4D7-E5B49C95C5B5}.Debug|Any CPU.ActiveCfg = Debug|Any CPU
		{452BD828-01CC-43FB-A4D7-E5B49C95C5B5}.Debug|Any CPU.Build.0 = Debug|Any CPU
		{452BD828-01CC-43FB-A4D7-E5B49C95C5B5}.Release|Any CPU.ActiveCfg = Release|Any CPU
		{452BD828-01CC-43FB-A4D7-E5B49C95C5B5}.Release|Any CPU.Build.0 = Release|Any CPU
	EndGlobalSection
EndGlobal
